
Microsoft Visual Studio Solution File, Format Version 12.00
# Visual Studio Version 17
VisualStudioVersion = 17.0.32014.148
MinimumVisualStudioVersion = 10.0.40219.1
Project("{2150E333-8FDC-42A3-9474-1A3956D46DE8}") = "Libraries", "Libraries", "{3DEBFD55-120D-4439-B2FF-A8342EE378C1}"
EndProject
Project("{2150E333-8FDC-42A3-9474-1A3956D46DE8}") = "Presentation", "Presentation", "{F7E18489-D0BD-46D5-8D64-18A71396A785}"
EndProject
Project("{9A19103F-16F7-4668-BE54-9A1E7A4F7556}") = "CutOutWiz.Data", "Libraries\CutOutWiz.Data\CutOutWiz.Data.csproj", "{A73590C9-C809-4A80-924E-9F1FD2610497}"
EndProject
Project("{9A19103F-16F7-4668-BE54-9A1E7A4F7556}") = "CutOutWiz.Core", "Libraries\CutOutWiz.Core\CutOutWiz.Core.csproj", "{06469C50-1854-4A96-9A35-480382AC3119}"
EndProject
Project("{9A19103F-16F7-4668-BE54-9A1E7A4F7556}") = "CutOutWiz.Services", "Libraries\CutOutWiz.Services\CutOutWiz.Services.csproj", "{6667A4C2-35E3-462F-928D-DC0DD30D37DF}"
EndProject
Project("{2150E333-8FDC-42A3-9474-1A3956D46DE8}") = "SQLProjects", "SQLProjects", "{37FD8DF5-D17C-4816-B550-604077F301F1}"
EndProject
Project("{2150E333-8FDC-42A3-9474-1A3956D46DE8}") = "AWSProjects", "AWSProjects", "{A75B7FB1-F4B6-472D-B6C3-B05215120603}"
EndProject
Project("{9A19103F-16F7-4668-BE54-9A1E7A4F7556}") = "S3Handler", "S3Handler\S3Handler.csproj", "{1D2A6816-5520-4673-A812-3AA75BD6426C}"
EndProject
Project("{9A19103F-16F7-4668-BE54-9A1E7A4F7556}") = "KowToMateAdmin", "Presentation\KowToMateAdmin\KowToMateAdmin.csproj", "{27D9C136-E98A-4E73-B0D4-CB8A22D868DE}"
EndProject
Project("{2150E333-8FDC-42A3-9474-1A3956D46DE8}") = "APIs", "APIs", "{E7740E53-BC55-41B0-9426-3B81E3F1E1A1}"
EndProject
Project("{9A19103F-16F7-4668-BE54-9A1E7A4F7556}") = "KowToMate.API", "KowToMate.API\KowToMate.API.csproj", "{E4A87D9A-8C92-4452-842A-765B5D492836}"
EndProject
Project("{2150E333-8FDC-42A3-9474-1A3956D46DE8}") = "ConsoleApps", "ConsoleApps", "{B9AED7A6-7CF3-47AF-8BE4-A964475C0C9E}"
EndProject
Project("{9A19103F-16F7-4668-BE54-9A1E7A4F7556}") = "DownloadFilesCleaningApp", "ConsoleApps\DownloadFilesCleaningApp\DownloadFilesCleaningApp.csproj", "{0CD1192C-7337-4069-9747-B40345AB7116}"
EndProject
Project("{9A19103F-16F7-4668-BE54-9A1E7A4F7556}") = "PlaceOrderFromClientStorage", "ConsoleApps\HtpOrderPlaceApp\PlaceOrderFromClientStorage.csproj", "{656A2B83-8583-4F14-AA9D-3F99FE853036}"
EndProject
Project("{2150E333-8FDC-42A3-9474-1A3956D46DE8}") = "ThirdPartyLibraries", "ThirdPartyLibraries", "{FC961A80-CACC-4AED-8002-CC5BF452F2EA}"
EndProject
Project("{9A19103F-16F7-4668-BE54-9A1E7A4F7556}") = "DatabaseBackupConsoleTaskService", "ConsoleApps\DatabaseBackupConsoleTaskService\DatabaseBackupConsoleTaskService.csproj", "{BBB6026E-E546-4F2B-AD35-8928510B893E}"
EndProject
Project("{9A19103F-16F7-4668-BE54-9A1E7A4F7556}") = "UploadFromEditorPcApp", "ConsoleApps\UploadFromEditorPcApp\UploadFromEditorPcApp.csproj", "{A6E4F827-297A-4E4D-BEBA-046563F7D6D5}"
EndProject
Project("{9A19103F-16F7-4668-BE54-9A1E7A4F7556}") = "UploadFromQCPcApp", "ConsoleApps\UploadFromQCPcApp\UploadFromQCPcApp.csproj", "{88676964-6AE8-4289-9C9B-C32E6CE6CAB7}"
EndProject
Project("{9A19103F-16F7-4668-BE54-9A1E7A4F7556}") = "OrderDeliveryServiceApp", "ConsoleApps\OrderDeliveryServiceApp\OrderDeliveryServiceApp.csproj", "{97C2043E-428A-485C-B770-2E2631172F3F}"
EndProject
Project("{9A19103F-16F7-4668-BE54-9A1E7A4F7556}") = "AutoDownloadToEditorPc", "ConsoleApps\AutoDownloadToEditorPc\AutoDownloadToEditorPc.csproj", "{BBDF8163-F9FA-43C6-87B6-F1BC994A5596}"
EndProject
Project("{9A19103F-16F7-4668-BE54-9A1E7A4F7556}") = "AutoFileDeleteApp", "ConsoleApps\AutoFileDeleteApp\AutoFileDeleteApp.csproj", "{B8C01CF6-0383-421E-8B9F-EA5DCBC500B4}"
EndProject
Project("{9A19103F-16F7-4668-BE54-9A1E7A4F7556}") = "AutoMailSendApp", "ConsoleApps\AutoMailSendApp\AutoMailSendApp.csproj", "{480421AC-33BF-412A-BEBE-2F526BCF7D04}"
EndProject
Project("{9A19103F-16F7-4668-BE54-9A1E7A4F7556}") = "ProductionWorkFlowAutomationServiceApp", "ConsoleApps\ProductionWorkFlowAutomationServiceApp\ProductionWorkFlowAutomationServiceApp.csproj", "{F164110B-0E16-4612-91F0-86FBC55EC1C0}"
EndProject
Global
	GlobalSection(SolutionConfigurationPlatforms) = preSolution
		Debug|Any CPU = Debug|Any CPU
		Debug|x64 = Debug|x64
		Release|Any CPU = Release|Any CPU
		Release|x64 = Release|x64
	EndGlobalSection
	GlobalSection(ProjectConfigurationPlatforms) = postSolution
		{A73590C9-C809-4A80-924E-9F1FD2610497}.Debug|Any CPU.ActiveCfg = Debug|Any CPU
		{A73590C9-C809-4A80-924E-9F1FD2610497}.Debug|Any CPU.Build.0 = Debug|Any CPU
		{A73590C9-C809-4A80-924E-9F1FD2610497}.Debug|x64.ActiveCfg = Debug|Any CPU
		{A73590C9-C809-4A80-924E-9F1FD2610497}.Debug|x64.Build.0 = Debug|Any CPU
		{A73590C9-C809-4A80-924E-9F1FD2610497}.Release|Any CPU.ActiveCfg = Release|Any CPU
		{A73590C9-C809-4A80-924E-9F1FD2610497}.Release|Any CPU.Build.0 = Release|Any CPU
		{A73590C9-C809-4A80-924E-9F1FD2610497}.Release|x64.ActiveCfg = Release|Any CPU
		{A73590C9-C809-4A80-924E-9F1FD2610497}.Release|x64.Build.0 = Release|Any CPU
		{06469C50-1854-4A96-9A35-480382AC3119}.Debug|Any CPU.ActiveCfg = Debug|Any CPU
		{06469C50-1854-4A96-9A35-480382AC3119}.Debug|Any CPU.Build.0 = Debug|Any CPU
		{06469C50-1854-4A96-9A35-480382AC3119}.Debug|x64.ActiveCfg = Debug|Any CPU
		{06469C50-1854-4A96-9A35-480382AC3119}.Debug|x64.Build.0 = Debug|Any CPU
		{06469C50-1854-4A96-9A35-480382AC3119}.Release|Any CPU.ActiveCfg = Release|Any CPU
		{06469C50-1854-4A96-9A35-480382AC3119}.Release|Any CPU.Build.0 = Release|Any CPU
		{06469C50-1854-4A96-9A35-480382AC3119}.Release|x64.ActiveCfg = Release|Any CPU
		{06469C50-1854-4A96-9A35-480382AC3119}.Release|x64.Build.0 = Release|Any CPU
		{6667A4C2-35E3-462F-928D-DC0DD30D37DF}.Debug|Any CPU.ActiveCfg = Debug|Any CPU
		{6667A4C2-35E3-462F-928D-DC0DD30D37DF}.Debug|Any CPU.Build.0 = Debug|Any CPU
		{6667A4C2-35E3-462F-928D-DC0DD30D37DF}.Debug|x64.ActiveCfg = Debug|Any CPU
		{6667A4C2-35E3-462F-928D-DC0DD30D37DF}.Debug|x64.Build.0 = Debug|Any CPU
		{6667A4C2-35E3-462F-928D-DC0DD30D37DF}.Release|Any CPU.ActiveCfg = Release|Any CPU
		{6667A4C2-35E3-462F-928D-DC0DD30D37DF}.Release|Any CPU.Build.0 = Release|Any CPU
		{6667A4C2-35E3-462F-928D-DC0DD30D37DF}.Release|x64.ActiveCfg = Release|Any CPU
		{6667A4C2-35E3-462F-928D-DC0DD30D37DF}.Release|x64.Build.0 = Release|Any CPU
		{1D2A6816-5520-4673-A812-3AA75BD6426C}.Debug|Any CPU.ActiveCfg = Debug|Any CPU
		{1D2A6816-5520-4673-A812-3AA75BD6426C}.Debug|Any CPU.Build.0 = Debug|Any CPU
		{1D2A6816-5520-4673-A812-3AA75BD6426C}.Debug|x64.ActiveCfg = Debug|Any CPU
		{1D2A6816-5520-4673-A812-3AA75BD6426C}.Debug|x64.Build.0 = Debug|Any CPU
		{1D2A6816-5520-4673-A812-3AA75BD6426C}.Release|Any CPU.ActiveCfg = Release|Any CPU
		{1D2A6816-5520-4673-A812-3AA75BD6426C}.Release|Any CPU.Build.0 = Release|Any CPU
		{1D2A6816-5520-4673-A812-3AA75BD6426C}.Release|x64.ActiveCfg = Release|Any CPU
		{1D2A6816-5520-4673-A812-3AA75BD6426C}.Release|x64.Build.0 = Release|Any CPU
		{27D9C136-E98A-4E73-B0D4-CB8A22D868DE}.Debug|Any CPU.ActiveCfg = Debug|Any CPU
		{27D9C136-E98A-4E73-B0D4-CB8A22D868DE}.Debug|Any CPU.Build.0 = Debug|Any CPU
		{27D9C136-E98A-4E73-B0D4-CB8A22D868DE}.Debug|x64.ActiveCfg = Debug|Any CPU
		{27D9C136-E98A-4E73-B0D4-CB8A22D868DE}.Debug|x64.Build.0 = Debug|Any CPU
		{27D9C136-E98A-4E73-B0D4-CB8A22D868DE}.Release|Any CPU.ActiveCfg = Release|Any CPU
		{27D9C136-E98A-4E73-B0D4-CB8A22D868DE}.Release|Any CPU.Build.0 = Release|Any CPU
		{27D9C136-E98A-4E73-B0D4-CB8A22D868DE}.Release|x64.ActiveCfg = Release|Any CPU
		{27D9C136-E98A-4E73-B0D4-CB8A22D868DE}.Release|x64.Build.0 = Release|Any CPU
		{E4A87D9A-8C92-4452-842A-765B5D492836}.Debug|Any CPU.ActiveCfg = Debug|Any CPU
		{E4A87D9A-8C92-4452-842A-765B5D492836}.Debug|Any CPU.Build.0 = Debug|Any CPU
		{E4A87D9A-8C92-4452-842A-765B5D492836}.Debug|x64.ActiveCfg = Debug|Any CPU
		{E4A87D9A-8C92-4452-842A-765B5D492836}.Debug|x64.Build.0 = Debug|Any CPU
		{E4A87D9A-8C92-4452-842A-765B5D492836}.Release|Any CPU.ActiveCfg = Release|Any CPU
		{E4A87D9A-8C92-4452-842A-765B5D492836}.Release|Any CPU.Build.0 = Release|Any CPU
		{E4A87D9A-8C92-4452-842A-765B5D492836}.Release|x64.ActiveCfg = Release|Any CPU
		{E4A87D9A-8C92-4452-842A-765B5D492836}.Release|x64.Build.0 = Release|Any CPU
		{0CD1192C-7337-4069-9747-B40345AB7116}.Debug|Any CPU.ActiveCfg = Debug|Any CPU
		{0CD1192C-7337-4069-9747-B40345AB7116}.Debug|Any CPU.Build.0 = Debug|Any CPU
		{0CD1192C-7337-4069-9747-B40345AB7116}.Debug|x64.ActiveCfg = Debug|Any CPU
		{0CD1192C-7337-4069-9747-B40345AB7116}.Debug|x64.Build.0 = Debug|Any CPU
		{0CD1192C-7337-4069-9747-B40345AB7116}.Release|Any CPU.ActiveCfg = Release|Any CPU
		{0CD1192C-7337-4069-9747-B40345AB7116}.Release|Any CPU.Build.0 = Release|Any CPU
		{0CD1192C-7337-4069-9747-B40345AB7116}.Release|x64.ActiveCfg = Release|Any CPU
		{0CD1192C-7337-4069-9747-B40345AB7116}.Release|x64.Build.0 = Release|Any CPU
		{656A2B83-8583-4F14-AA9D-3F99FE853036}.Debug|Any CPU.ActiveCfg = Debug|Any CPU
		{656A2B83-8583-4F14-AA9D-3F99FE853036}.Debug|Any CPU.Build.0 = Debug|Any CPU
		{656A2B83-8583-4F14-AA9D-3F99FE853036}.Debug|x64.ActiveCfg = Debug|Any CPU
		{656A2B83-8583-4F14-AA9D-3F99FE853036}.Debug|x64.Build.0 = Debug|Any CPU
		{656A2B83-8583-4F14-AA9D-3F99FE853036}.Release|Any CPU.ActiveCfg = Release|Any CPU
		{656A2B83-8583-4F14-AA9D-3F99FE853036}.Release|Any CPU.Build.0 = Release|Any CPU
		{656A2B83-8583-4F14-AA9D-3F99FE853036}.Release|x64.ActiveCfg = Release|Any CPU
		{656A2B83-8583-4F14-AA9D-3F99FE853036}.Release|x64.Build.0 = Release|Any CPU
		{BBB6026E-E546-4F2B-AD35-8928510B893E}.Debug|Any CPU.ActiveCfg = Debug|Any CPU
		{BBB6026E-E546-4F2B-AD35-8928510B893E}.Debug|Any CPU.Build.0 = Debug|Any CPU
		{BBB6026E-E546-4F2B-AD35-8928510B893E}.Debug|x64.ActiveCfg = Debug|Any CPU
		{BBB6026E-E546-4F2B-AD35-8928510B893E}.Debug|x64.Build.0 = Debug|Any CPU
		{BBB6026E-E546-4F2B-AD35-8928510B893E}.Release|Any CPU.ActiveCfg = Release|Any CPU
		{BBB6026E-E546-4F2B-AD35-8928510B893E}.Release|Any CPU.Build.0 = Release|Any CPU
		{BBB6026E-E546-4F2B-AD35-8928510B893E}.Release|x64.ActiveCfg = Release|Any CPU
		{BBB6026E-E546-4F2B-AD35-8928510B893E}.Release|x64.Build.0 = Release|Any CPU
		{A6E4F827-297A-4E4D-BEBA-046563F7D6D5}.Debug|Any CPU.ActiveCfg = Debug|Any CPU
		{A6E4F827-297A-4E4D-BEBA-046563F7D6D5}.Debug|Any CPU.Build.0 = Debug|Any CPU
		{A6E4F827-297A-4E4D-BEBA-046563F7D6D5}.Debug|x64.ActiveCfg = Debug|Any CPU
		{A6E4F827-297A-4E4D-BEBA-046563F7D6D5}.Debug|x64.Build.0 = Debug|Any CPU
		{A6E4F827-297A-4E4D-BEBA-046563F7D6D5}.Release|Any CPU.ActiveCfg = Release|Any CPU
		{A6E4F827-297A-4E4D-BEBA-046563F7D6D5}.Release|Any CPU.Build.0 = Release|Any CPU
		{A6E4F827-297A-4E4D-BEBA-046563F7D6D5}.Release|x64.ActiveCfg = Release|Any CPU
		{A6E4F827-297A-4E4D-BEBA-046563F7D6D5}.Release|x64.Build.0 = Release|Any CPU
		{88676964-6AE8-4289-9C9B-C32E6CE6CAB7}.Debug|Any CPU.ActiveCfg = Debug|Any CPU
		{88676964-6AE8-4289-9C9B-C32E6CE6CAB7}.Debug|Any CPU.Build.0 = Debug|Any CPU
		{88676964-6AE8-4289-9C9B-C32E6CE6CAB7}.Debug|x64.ActiveCfg = Debug|Any CPU
		{88676964-6AE8-4289-9C9B-C32E6CE6CAB7}.Debug|x64.Build.0 = Debug|Any CPU
		{88676964-6AE8-4289-9C9B-C32E6CE6CAB7}.Release|Any CPU.ActiveCfg = Release|Any CPU
		{88676964-6AE8-4289-9C9B-C32E6CE6CAB7}.Release|Any CPU.Build.0 = Release|Any CPU
		{88676964-6AE8-4289-9C9B-C32E6CE6CAB7}.Release|x64.ActiveCfg = Release|Any CPU
		{88676964-6AE8-4289-9C9B-C32E6CE6CAB7}.Release|x64.Build.0 = Release|Any CPU
		{97C2043E-428A-485C-B770-2E2631172F3F}.Debug|Any CPU.ActiveCfg = Debug|Any CPU
		{97C2043E-428A-485C-B770-2E2631172F3F}.Debug|Any CPU.Build.0 = Debug|Any CPU
		{97C2043E-428A-485C-B770-2E2631172F3F}.Debug|x64.ActiveCfg = Debug|Any CPU
		{97C2043E-428A-485C-B770-2E2631172F3F}.Debug|x64.Build.0 = Debug|Any CPU
		{97C2043E-428A-485C-B770-2E2631172F3F}.Release|Any CPU.ActiveCfg = Release|Any CPU
		{97C2043E-428A-485C-B770-2E2631172F3F}.Release|Any CPU.Build.0 = Release|Any CPU
		{97C2043E-428A-485C-B770-2E2631172F3F}.Release|x64.ActiveCfg = Release|Any CPU
		{97C2043E-428A-485C-B770-2E2631172F3F}.Release|x64.Build.0 = Release|Any CPU
		{BBDF8163-F9FA-43C6-87B6-F1BC994A5596}.Debug|Any CPU.ActiveCfg = Debug|Any CPU
		{BBDF8163-F9FA-43C6-87B6-F1BC994A5596}.Debug|Any CPU.Build.0 = Debug|Any CPU
		{BBDF8163-F9FA-43C6-87B6-F1BC994A5596}.Debug|x64.ActiveCfg = Debug|Any CPU
		{BBDF8163-F9FA-43C6-87B6-F1BC994A5596}.Debug|x64.Build.0 = Debug|Any CPU
		{BBDF8163-F9FA-43C6-87B6-F1BC994A5596}.Release|Any CPU.ActiveCfg = Release|Any CPU
		{BBDF8163-F9FA-43C6-87B6-F1BC994A5596}.Release|Any CPU.Build.0 = Release|Any CPU
		{BBDF8163-F9FA-43C6-87B6-F1BC994A5596}.Release|x64.ActiveCfg = Release|Any CPU
		{BBDF8163-F9FA-43C6-87B6-F1BC994A5596}.Release|x64.Build.0 = Release|Any CPU
		{B8C01CF6-0383-421E-8B9F-EA5DCBC500B4}.Debug|Any CPU.ActiveCfg = Debug|Any CPU
		{B8C01CF6-0383-421E-8B9F-EA5DCBC500B4}.Debug|Any CPU.Build.0 = Debug|Any CPU
		{B8C01CF6-0383-421E-8B9F-EA5DCBC500B4}.Debug|x64.ActiveCfg = Debug|Any CPU
		{B8C01CF6-0383-421E-8B9F-EA5DCBC500B4}.Debug|x64.Build.0 = Debug|Any CPU
		{B8C01CF6-0383-421E-8B9F-EA5DCBC500B4}.Release|Any CPU.ActiveCfg = Release|Any CPU
		{B8C01CF6-0383-421E-8B9F-EA5DCBC500B4}.Release|Any CPU.Build.0 = Release|Any CPU
		{B8C01CF6-0383-421E-8B9F-EA5DCBC500B4}.Release|x64.ActiveCfg = Release|Any CPU
		{B8C01CF6-0383-421E-8B9F-EA5DCBC500B4}.Release|x64.Build.0 = Release|Any CPU
		{480421AC-33BF-412A-BEBE-2F526BCF7D04}.Debug|Any CPU.ActiveCfg = Debug|Any CPU
		{480421AC-33BF-412A-BEBE-2F526BCF7D04}.Debug|Any CPU.Build.0 = Debug|Any CPU
		{480421AC-33BF-412A-BEBE-2F526BCF7D04}.Debug|x64.ActiveCfg = Debug|Any CPU
		{480421AC-33BF-412A-BEBE-2F526BCF7D04}.Debug|x64.Build.0 = Debug|Any CPU
		{480421AC-33BF-412A-BEBE-2F526BCF7D04}.Release|Any CPU.ActiveCfg = Release|Any CPU
		{480421AC-33BF-412A-BEBE-2F526BCF7D04}.Release|Any CPU.Build.0 = Release|Any CPU
		{480421AC-33BF-412A-BEBE-2F526BCF7D04}.Release|x64.ActiveCfg = Release|Any CPU
		{480421AC-33BF-412A-BEBE-2F526BCF7D04}.Release|x64.Build.0 = Release|Any CPU
		{F164110B-0E16-4612-91F0-86FBC55EC1C0}.Debug|Any CPU.ActiveCfg = Debug|Any CPU
		{F164110B-0E16-4612-91F0-86FBC55EC1C0}.Debug|Any CPU.Build.0 = Debug|Any CPU
		{F164110B-0E16-4612-91F0-86FBC55EC1C0}.Debug|x64.ActiveCfg = Debug|Any CPU
		{F164110B-0E16-4612-91F0-86FBC55EC1C0}.Debug|x64.Build.0 = Debug|Any CPU
		{F164110B-0E16-4612-91F0-86FBC55EC1C0}.Release|Any CPU.ActiveCfg = Release|Any CPU
		{F164110B-0E16-4612-91F0-86FBC55EC1C0}.Release|Any CPU.Build.0 = Release|Any CPU
		{F164110B-0E16-4612-91F0-86FBC55EC1C0}.Release|x64.ActiveCfg = Release|Any CPU
		{F164110B-0E16-4612-91F0-86FBC55EC1C0}.Release|x64.Build.0 = Release|Any CPU
	EndGlobalSection
	GlobalSection(SolutionProperties) = preSolution
		HideSolutionNode = FALSE
	EndGlobalSection
	GlobalSection(NestedProjects) = preSolution
		{A73590C9-C809-4A80-924E-9F1FD2610497} = {3DEBFD55-120D-4439-B2FF-A8342EE378C1}
		{06469C50-1854-4A96-9A35-480382AC3119} = {3DEBFD55-120D-4439-B2FF-A8342EE378C1}
		{6667A4C2-35E3-462F-928D-DC0DD30D37DF} = {3DEBFD55-120D-4439-B2FF-A8342EE378C1}
		{1D2A6816-5520-4673-A812-3AA75BD6426C} = {A75B7FB1-F4B6-472D-B6C3-B05215120603}
		{27D9C136-E98A-4E73-B0D4-CB8A22D868DE} = {F7E18489-D0BD-46D5-8D64-18A71396A785}
		{E4A87D9A-8C92-4452-842A-765B5D492836} = {E7740E53-BC55-41B0-9426-3B81E3F1E1A1}
		{0CD1192C-7337-4069-9747-B40345AB7116} = {B9AED7A6-7CF3-47AF-8BE4-A964475C0C9E}
		{656A2B83-8583-4F14-AA9D-3F99FE853036} = {B9AED7A6-7CF3-47AF-8BE4-A964475C0C9E}
		{BBB6026E-E546-4F2B-AD35-8928510B893E} = {B9AED7A6-7CF3-47AF-8BE4-A964475C0C9E}
		{A6E4F827-297A-4E4D-BEBA-046563F7D6D5} = {B9AED7A6-7CF3-47AF-8BE4-A964475C0C9E}
		{88676964-6AE8-4289-9C9B-C32E6CE6CAB7} = {B9AED7A6-7CF3-47AF-8BE4-A964475C0C9E}
		{97C2043E-428A-485C-B770-2E2631172F3F} = {B9AED7A6-7CF3-47AF-8BE4-A964475C0C9E}
		{BBDF8163-F9FA-43C6-87B6-F1BC994A5596} = {B9AED7A6-7CF3-47AF-8BE4-A964475C0C9E}
		{B8C01CF6-0383-421E-8B9F-EA5DCBC500B4} = {B9AED7A6-7CF3-47AF-8BE4-A964475C0C9E}
		{480421AC-33BF-412A-BEBE-2F526BCF7D04} = {B9AED7A6-7CF3-47AF-8BE4-A964475C0C9E}
		{F164110B-0E16-4612-91F0-86FBC55EC1C0} = {B9AED7A6-7CF3-47AF-8BE4-A964475C0C9E}
	EndGlobalSection
	GlobalSection(ExtensibilityGlobals) = postSolution
		SolutionGuid = {1EA07166-67FB-4637-938C-DCED0AD5595E}
	EndGlobalSection
EndGlobal
